
Microsoft Visual Studio Solution File, Format Version 12.00
# Visual Studio Version 17
VisualStudioVersion = 17.1.32407.343
MinimumVisualStudioVersion = 10.0.40219.1
Project("{9A19103F-16F7-4668-BE54-9A1E7A4F7556}") = "MyBlog.Domain", "src\MyBlog.Domain\MyBlog.Domain.csproj", "{554AD327-6DBA-4F8F-96F8-81CE7A0C863F}"
EndProject
Project("{9A19103F-16F7-4668-BE54-9A1E7A4F7556}") = "MyBlog.Application", "src\MyBlog.Application\MyBlog.Application.csproj", "{1A94A50E-06DC-43C1-80B5-B662820EC3EB}"
EndProject
Project("{9A19103F-16F7-4668-BE54-9A1E7A4F7556}") = "MyBlog.EntityFrameworkCore", "src\MyBlog.EntityFrameworkCore\MyBlog.EntityFrameworkCore.csproj", "{C956DD76-69C8-4A9C-83EA-D17DF83340FD}"
EndProject
Project("{9A19103F-16F7-4668-BE54-9A1E7A4F7556}") = "MyBlog.HttpApi.Hosting", "src\MyBlog.HttpApi.Hosting\MyBlog.HttpApi.Hosting.csproj", "{068855E8-9240-4F1A-910B-CF825794513B}"
EndProject
Project("{2150E333-8FDC-42A3-9474-1A3956D46DE8}") = "src", "src", "{CA9AC87F-097E-4F15-8393-4BC07735A5B0}"
EndProject
Project("{9A19103F-16F7-4668-BE54-9A1E7A4F7556}") = "MyBlog.EntityFrameworkCore.DbMigrations", "src\MyBlog.EntityFrameworkCore.DbMigrations\MyBlog.EntityFrameworkCore.DbMigrations.csproj", "{0372FA84-C517-4EB3-9A9F-B9ACAC0CA5E0}"
EndProject
Project("{9A19103F-16F7-4668-BE54-9A1E7A4F7556}") = "MyBlog.Domain.Shared", "src\MyBlog.Domain.Shared\MyBlog.Domain.Shared.csproj", "{42F719ED-8413-4895-B5B4-5AB56079BC66}"
EndProject
Project("{9A19103F-16F7-4668-BE54-9A1E7A4F7556}") = "MyBlog.Application.Contracts", "src\MyBlog.Application.Contracts\MyBlog.Application.Contracts.csproj", "{520659C8-C734-4298-A3DA-B539DB9DFC0B}"
EndProject
Project("{9A19103F-16F7-4668-BE54-9A1E7A4F7556}") = "MyBlog.HttpApi", "src\MyBlog.HttpApi\MyBlog.HttpApi.csproj", "{4164BDF7-F527-4E85-9CE6-E3C2D7426A27}"
EndProject
Project("{2150E333-8FDC-42A3-9474-1A3956D46DE8}") = "solution-items", "solution-items", "{BC903774-7CA0-4A72-A6AB-8BFC2B6F6C97}"
	ProjectSection(SolutionItems) = preProject
		.gitattributes = .gitattributes
		.gitignore = .gitignore
		common.props = common.props
		README.md = README.md
	EndProjectSection
EndProject
Project("{9A19103F-16F7-4668-BE54-9A1E7A4F7556}") = "MyBlog.Application.Caching", "src\MyBlog.Application.Caching\MyBlog.Application.Caching.csproj", "{B5B72AE9-71DD-408F-BC8C-9841496AFD05}"
EndProject
Project("{9A19103F-16F7-4668-BE54-9A1E7A4F7556}") = "MyBolg.BackgroundJobs", "src\MyBolg.BackgroundJobs\MyBolg.BackgroundJobs.csproj", "{BCE116EC-6B6F-4EFB-A893-3237A6CCECB4}"
EndProject
Project("{9A19103F-16F7-4668-BE54-9A1E7A4F7556}") = "MyBolg.Swagger", "src\MyBolg.Swagger\MyBolg.Swagger.csproj", "{6B8AF3EC-1D91-4A4E-9AA4-6D8208A791A4}"
EndProject
Project("{9A19103F-16F7-4668-BE54-9A1E7A4F7556}") = "MyBolg.ToolKits", "src\MyBolg.ToolKits\MyBolg.ToolKits.csproj", "{96DDE297-B085-4BFB-A9A2-37832C6BD579}"
EndProject
Project("{9A19103F-16F7-4668-BE54-9A1E7A4F7556}") = "BlazorBlog", "src\BlazorBlog\BlazorBlog.csproj", "{B55A2B13-00EB-4B1E-8A3D-A867635A5981}"
EndProject
Global
	GlobalSection(SolutionConfigurationPlatforms) = preSolution
		Debug|Any CPU = Debug|Any CPU
		Release|Any CPU = Release|Any CPU
	EndGlobalSection
	GlobalSection(ProjectConfigurationPlatforms) = postSolution
		{554AD327-6DBA-4F8F-96F8-81CE7A0C863F}.Debug|Any CPU.ActiveCfg = Debug|Any CPU
		{554AD327-6DBA-4F8F-96F8-81CE7A0C863F}.Debug|Any CPU.Build.0 = Debug|Any CPU
		{554AD327-6DBA-4F8F-96F8-81CE7A0C863F}.Release|Any CPU.ActiveCfg = Release|Any CPU
		{554AD327-6DBA-4F8F-96F8-81CE7A0C863F}.Release|Any CPU.Build.0 = Release|Any CPU
		{1A94A50E-06DC-43C1-80B5-B662820EC3EB}.Debug|Any CPU.ActiveCfg = Debug|Any CPU
		{1A94A50E-06DC-43C1-80B5-B662820EC3EB}.Debug|Any CPU.Build.0 = Debug|Any CPU
		{1A94A50E-06DC-43C1-80B5-B662820EC3EB}.Release|Any CPU.ActiveCfg = Release|Any CPU
		{1A94A50E-06DC-43C1-80B5-B662820EC3EB}.Release|Any CPU.Build.0 = Release|Any CPU
		{C956DD76-69C8-4A9C-83EA-D17DF83340FD}.Debug|Any CPU.ActiveCfg = Debug|Any CPU
		{C956DD76-69C8-4A9C-83EA-D17DF83340FD}.Debug|Any CPU.Build.0 = Debug|Any CPU
		{C956DD76-69C8-4A9C-83EA-D17DF83340FD}.Release|Any CPU.ActiveCfg = Release|Any CPU
		{C956DD76-69C8-4A9C-83EA-D17DF83340FD}.Release|Any CPU.Build.0 = Release|Any CPU
		{068855E8-9240-4F1A-910B-CF825794513B}.Debug|Any CPU.ActiveCfg = Debug|Any CPU
		{068855E8-9240-4F1A-910B-CF825794513B}.Debug|Any CPU.Build.0 = Debug|Any CPU
		{068855E8-9240-4F1A-910B-CF825794513B}.Release|Any CPU.ActiveCfg = Release|Any CPU
		{068855E8-9240-4F1A-910B-CF825794513B}.Release|Any CPU.Build.0 = Release|Any CPU
		{0372FA84-C517-4EB3-9A9F-B9ACAC0CA5E0}.Debug|Any CPU.ActiveCfg = Debug|Any CPU
		{0372FA84-C517-4EB3-9A9F-B9ACAC0CA5E0}.Debug|Any CPU.Build.0 = Debug|Any CPU
		{0372FA84-C517-4EB3-9A9F-B9ACAC0CA5E0}.Release|Any CPU.ActiveCfg = Release|Any CPU
		{0372FA84-C517-4EB3-9A9F-B9ACAC0CA5E0}.Release|Any CPU.Build.0 = Release|Any CPU
		{42F719ED-8413-4895-B5B4-5AB56079BC66}.Debug|Any CPU.ActiveCfg = Debug|Any CPU
		{42F719ED-8413-4895-B5B4-5AB56079BC66}.Debug|Any CPU.Build.0 = Debug|Any CPU
		{42F719ED-8413-4895-B5B4-5AB56079BC66}.Release|Any CPU.ActiveCfg = Release|Any CPU
		{42F719ED-8413-4895-B5B4-5AB56079BC66}.Release|Any CPU.Build.0 = Release|Any CPU
		{520659C8-C734-4298-A3DA-B539DB9DFC0B}.Debug|Any CPU.ActiveCfg = Debug|Any CPU
		{520659C8-C734-4298-A3DA-B539DB9DFC0B}.Debug|Any CPU.Build.0 = Debug|Any CPU
		{520659C8-C734-4298-A3DA-B539DB9DFC0B}.Release|Any CPU.ActiveCfg = Release|Any CPU
		{520659C8-C734-4298-A3DA-B539DB9DFC0B}.Release|Any CPU.Build.0 = Release|Any CPU
		{4164BDF7-F527-4E85-9CE6-E3C2D7426A27}.Debug|Any CPU.ActiveCfg = Debug|Any CPU
		{4164BDF7-F527-4E85-9CE6-E3C2D7426A27}.Debug|Any CPU.Build.0 = Debug|Any CPU
		{4164BDF7-F527-4E85-9CE6-E3C2D7426A27}.Release|Any CPU.ActiveCfg = Release|Any CPU
		{4164BDF7-F527-4E85-9CE6-E3C2D7426A27}.Release|Any CPU.Build.0 = Release|Any CPU
		{B5B72AE9-71DD-408F-BC8C-9841496AFD05}.Debug|Any CPU.ActiveCfg = Debug|Any CPU
		{B5B72AE9-71DD-408F-BC8C-9841496AFD05}.Debug|Any CPU.Build.0 = Debug|Any CPU
		{B5B72AE9-71DD-408F-BC8C-9841496AFD05}.Release|Any CPU.ActiveCfg = Release|Any CPU
		{B5B72AE9-71DD-408F-BC8C-9841496AFD05}.Release|Any CPU.Build.0 = Release|Any CPU
		{BCE116EC-6B6F-4EFB-A893-3237A6CCECB4}.Debug|Any CPU.ActiveCfg = Debug|Any CPU
		{BCE116EC-6B6F-4EFB-A893-3237A6CCECB4}.Debug|Any CPU.Build.0 = Debug|Any CPU
		{BCE116EC-6B6F-4EFB-A893-3237A6CCECB4}.Release|Any CPU.ActiveCfg = Release|Any CPU
		{BCE116EC-6B6F-4EFB-A893-3237A6CCECB4}.Release|Any CPU.Build.0 = Release|Any CPU
		{6B8AF3EC-1D91-4A4E-9AA4-6D8208A791A4}.Debug|Any CPU.ActiveCfg = Debug|Any CPU
		{6B8AF3EC-1D91-4A4E-9AA4-6D8208A791A4}.Debug|Any CPU.Build.0 = Debug|Any CPU
		{6B8AF3EC-1D91-4A4E-9AA4-6D8208A791A4}.Release|Any CPU.ActiveCfg = Release|Any CPU
		{6B8AF3EC-1D91-4A4E-9AA4-6D8208A791A4}.Release|Any CPU.Build.0 = Release|Any CPU
		{96DDE297-B085-4BFB-A9A2-37832C6BD579}.Debug|Any CPU.ActiveCfg = Debug|Any CPU
		{96DDE297-B085-4BFB-A9A2-37832C6BD579}.Debug|Any CPU.Build.0 = Debug|Any CPU
		{96DDE297-B085-4BFB-A9A2-37832C6BD579}.Release|Any CPU.ActiveCfg = Release|Any CPU
		{96DDE297-B085-4BFB-A9A2-37832C6BD579}.Release|Any CPU.Build.0 = Release|Any CPU
		{B55A2B13-00EB-4B1E-8A3D-A867635A5981}.Debug|Any CPU.ActiveCfg = Debug|Any CPU
		{B55A2B13-00EB-4B1E-8A3D-A867635A5981}.Debug|Any CPU.Build.0 = Debug|Any CPU
		{B55A2B13-00EB-4B1E-8A3D-A867635A5981}.Release|Any CPU.ActiveCfg = Release|Any CPU
		{B55A2B13-00EB-4B1E-8A3D-A867635A5981}.Release|Any CPU.Build.0 = Release|Any CPU
	EndGlobalSection
	GlobalSection(SolutionProperties) = preSolution
		HideSolutionNode = FALSE
	EndGlobalSection
	GlobalSection(NestedProjects) = preSolution
		{554AD327-6DBA-4F8F-96F8-81CE7A0C863F} = {CA9AC87F-097E-4F15-8393-4BC07735A5B0}
		{1A94A50E-06DC-43C1-80B5-B662820EC3EB} = {CA9AC87F-097E-4F15-8393-4BC07735A5B0}
		{C956DD76-69C8-4A9C-83EA-D17DF83340FD} = {CA9AC87F-097E-4F15-8393-4BC07735A5B0}
		{068855E8-9240-4F1A-910B-CF825794513B} = {CA9AC87F-097E-4F15-8393-4BC07735A5B0}
		{0372FA84-C517-4EB3-9A9F-B9ACAC0CA5E0} = {CA9AC87F-097E-4F15-8393-4BC07735A5B0}
		{42F719ED-8413-4895-B5B4-5AB56079BC66} = {CA9AC87F-097E-4F15-8393-4BC07735A5B0}
		{520659C8-C734-4298-A3DA-B539DB9DFC0B} = {CA9AC87F-097E-4F15-8393-4BC07735A5B0}
		{4164BDF7-F527-4E85-9CE6-E3C2D7426A27} = {CA9AC87F-097E-4F15-8393-4BC07735A5B0}
		{B5B72AE9-71DD-408F-BC8C-9841496AFD05} = {CA9AC87F-097E-4F15-8393-4BC07735A5B0}
		{BCE116EC-6B6F-4EFB-A893-3237A6CCECB4} = {CA9AC87F-097E-4F15-8393-4BC07735A5B0}
		{6B8AF3EC-1D91-4A4E-9AA4-6D8208A791A4} = {CA9AC87F-097E-4F15-8393-4BC07735A5B0}
		{96DDE297-B085-4BFB-A9A2-37832C6BD579} = {CA9AC87F-097E-4F15-8393-4BC07735A5B0}
		{B55A2B13-00EB-4B1E-8A3D-A867635A5981} = {CA9AC87F-097E-4F15-8393-4BC07735A5B0}
	EndGlobalSection
	GlobalSection(ExtensibilityGlobals) = postSolution
		SolutionGuid = {28315BFD-90E7-4E14-A2EA-F3D23AF4126F}
	EndGlobalSection
EndGlobal
